
Microsoft Visual Studio Solution File, Format Version 12.00
# Visual Studio Version 16
VisualStudioVersion = 16.0.30413.136
MinimumVisualStudioVersion = 10.0.40219.1
Project("{FAE04EC0-301F-11D3-BF4B-00C04F79EFBC}") = "Areas_figuras", "Areas_figuras\Areas_figuras.csproj", "{99E59E8F-7F04-4D3D-BA1D-848655F6D746}"
EndProject
Global
	GlobalSection(SolutionConfigurationPlatforms) = preSolution
		Debug|Any CPU = Debug|Any CPU
		Release|Any CPU = Release|Any CPU
	EndGlobalSection
	GlobalSection(ProjectConfigurationPlatforms) = postSolution
		{99E59E8F-7F04-4D3D-BA1D-848655F6D746}.Debug|Any CPU.ActiveCfg = Debug|Any CPU
		{99E59E8F-7F04-4D3D-BA1D-848655F6D746}.Debug|Any CPU.Build.0 = Debug|Any CPU
		{99E59E8F-7F04-4D3D-BA1D-848655F6D746}.Release|Any CPU.ActiveCfg = Release|Any CPU
		{99E59E8F-7F04-4D3D-BA1D-848655F6D746}.Release|Any CPU.Build.0 = Release|Any CPU
	EndGlobalSection
	GlobalSection(SolutionProperties) = preSolution
		HideSolutionNode = FALSE
	EndGlobalSection
	GlobalSection(ExtensibilityGlobals) = postSolution
		SolutionGuid = {FC4811B5-6E46-4DBF-8912-47C51D051DE2}
	EndGlobalSection
EndGlobal
